
Microsoft Visual Studio Solution File, Format Version 12.00
Project("{FAE04EC0-301F-11D3-BF4B-00C04F79EFBC}") = "RusPassportPlaceOfBirthSplitter", "RusPassportPlaceOfBirthSplitter\RusPassportPlaceOfBirthSplitter.csproj", "{F2018325-88B2-4CEA-A883-32BF2E2B1F14}"
EndProject
Project("{FAE04EC0-301F-11D3-BF4B-00C04F79EFBC}") = "RusPassportPlaceOfBirthSplitterTest", "RusPassportPlaceOfBirthSplitterTest\RusPassportPlaceOfBirthSplitterTest.csproj", "{A5CAE9F6-1A95-41F6-8108-EBDCB1A2231A}"
EndProject
Global
	GlobalSection(SolutionConfigurationPlatforms) = preSolution
		Debug|Any CPU = Debug|Any CPU
		Release|Any CPU = Release|Any CPU
	EndGlobalSection
	GlobalSection(ProjectConfigurationPlatforms) = postSolution
		{F2018325-88B2-4CEA-A883-32BF2E2B1F14}.Debug|Any CPU.ActiveCfg = Debug|Any CPU
		{F2018325-88B2-4CEA-A883-32BF2E2B1F14}.Debug|Any CPU.Build.0 = Debug|Any CPU
		{F2018325-88B2-4CEA-A883-32BF2E2B1F14}.Release|Any CPU.ActiveCfg = Release|Any CPU
		{F2018325-88B2-4CEA-A883-32BF2E2B1F14}.Release|Any CPU.Build.0 = Release|Any CPU
		{A5CAE9F6-1A95-41F6-8108-EBDCB1A2231A}.Debug|Any CPU.ActiveCfg = Debug|Any CPU
		{A5CAE9F6-1A95-41F6-8108-EBDCB1A2231A}.Debug|Any CPU.Build.0 = Debug|Any CPU
		{A5CAE9F6-1A95-41F6-8108-EBDCB1A2231A}.Release|Any CPU.ActiveCfg = Release|Any CPU
		{A5CAE9F6-1A95-41F6-8108-EBDCB1A2231A}.Release|Any CPU.Build.0 = Release|Any CPU
	EndGlobalSection
EndGlobal
